PODS:
  - Alamofire (4.8.1)
  - Chrysan (1.4.0)
  - Comet (1.5.0)
  - Kingfisher (5.2.0)
  - R.swift (5.0.2):
    - R.swift.Library (~> 5.0.0)
  - R.swift.Library (5.0.0)
  - SnapKit (4.2.0)

DEPENDENCIES:
  - Alamofire
  - Chrysan
  - Comet
  - Kingfisher
  - R.swift
  - SnapKit

SPEC REPOS:
  https://github.com/cocoapods/specs.git:
    - Alamofire
    - Chrysan
    - Comet
    - Kingfisher
    - R.swift
    - R.swift.Library
    - SnapKit

SPEC CHECKSUMS:
  Alamofire: 16ce2c353fb72865124ddae8a57c5942388f4f11
  Chrysan: 14c23bd647d5adaef5e3cd796dd5c51d2f7b451f
  Comet: 785333ec44d6a6e8edfa566d24927449122f660c
  Kingfisher: 07067cfacf371117330dceb4b4b8f5c4b691ab42
  R.swift: 81455d81467763cbd3f4d79d938d05f4ac4c0228
  R.swift.Library: 0bf390e729bc10bb2c9e4fb78bd043164a7be4ff
  SnapKit: fe8a619752f3f27075cc9a90244d75c6c3f27e2a

PODFILE CHECKSUM: 3792c2ebff69822bf2a6ce6346f969c8a14d7b9d

COCOAPODS: 1.6.0.beta.1
