// !$*UTF8*$!
{
	archiveVersion = 1;
	classes = {
	};
	objectVersion = 50;
	objects = {

/* Begin PBXBuildFile section */
		4EA2AEA9BAD5143C91E27CBC /* Pods_HKBanner_Samples.framework in Frameworks */ = {isa = PBXBuildFile; fileRef = ACC030DC0412192A05782686 /* Pods_HKBanner_Samples.framework */; };
		C37F4B8B223A10BB00C86BBB /* AppDelegate.swift in Sources */ = {isa = PBXBuildFile; fileRef = C37F4B8A223A10BB00C86BBB /* AppDelegate.swift */; };
		C37F4B8D223A10BB00C86BBB /* ViewController.swift in Sources */ = {isa = PBXBuildFile; fileRef = C37F4B8C223A10BB00C86BBB /* ViewController.swift */; };
		C37F4B92223A10BC00C86BBB /* Assets.xcassets in Resources */ = {isa = PBXBuildFile; fileRef = C37F4B91223A10BC00C86BBB /* Assets.xcassets */; };
		C37F4B9E223A128E00C86BBB /* Configure.swift in Sources */ = {isa = PBXBuildFile; fileRef = C37F4B9D223A128E00C86BBB /* Configure.swift */; };
		C37F4BA7223A44B800C86BBB /* LaunchScreen.storyboard in Resources */ = {isa = PBXBuildFile; fileRef = C37F4BA5223A44B800C86BBB /* LaunchScreen.storyboard */; };
		C37F4BA8223A44B800C86BBB /* Main.storyboard in Resources */ = {isa = PBXBuildFile; fileRef = C37F4BA6223A44B800C86BBB /* Main.storyboard */; };
		C37F4BB0223A44DE00C86BBB /* Server.swift in Sources */ = {isa = PBXBuildFile; fileRef = C37F4BA9223A44DE00C86BBB /* Server.swift */; };
		C37F4BB1223A44DE00C86BBB /* Response.swift in Sources */ = {isa = PBXBuildFile; fileRef = C37F4BAA223A44DE00C86BBB /* Response.swift */; };
		C37F4BB2223A44DE00C86BBB /* ErrorCode.swift in Sources */ = {isa = PBXBuildFile; fileRef = C37F4BAB223A44DE00C86BBB /* ErrorCode.swift */; };
		C37F4BB3223A44DE00C86BBB /* Page.swift in Sources */ = {isa = PBXBuildFile; fileRef = C37F4BAC223A44DE00C86BBB /* Page.swift */; };
		C37F4BB4223A44DE00C86BBB /* TaskCenter.swift in Sources */ = {isa = PBXBuildFile; fileRef = C37F4BAD223A44DE00C86BBB /* TaskCenter.swift */; };
		C37F4BB5223A44DE00C86BBB /* Task.swift in Sources */ = {isa = PBXBuildFile; fileRef = C37F4BAE223A44DE00C86BBB /* Task.swift */; };
		C37F4BB6223A44DE00C86BBB /* TaskPrinter.swift in Sources */ = {isa = PBXBuildFile; fileRef = C37F4BAF223A44DE00C86BBB /* TaskPrinter.swift */; };
		C37F4BB8223A45D500C86BBB /* R.generated.swift in Sources */ = {isa = PBXBuildFile; fileRef = C37F4BB7223A45D400C86BBB /* R.generated.swift */; };
		C37F4BBB223A499500C86BBB /* User.swift in Sources */ = {isa = PBXBuildFile; fileRef = C37F4BBA223A499500C86BBB /* User.swift */; };
/* End PBXBuildFile section */

/* Begin PBXFileReference section */
		2D0A2EC0B5B5180BE96489F6 /* Pods-HKBanner-Samples.release.xcconfig */ = {isa = PBXFileReference; includeInIndex = 1; lastKnownFileType = text.xcconfig; name = "Pods-HKBanner-Samples.release.xcconfig"; path = "Target Support Files/Pods-HKBanner-Samples/Pods-HKBanner-Samples.release.xcconfig"; sourceTree = "<group>"; };
		ACC030DC0412192A05782686 /* Pods_HKBanner_Samples.framework */ = {isa = PBXFileReference; explicitFileType = wrapper.framework; includeInIndex = 0; path = Pods_HKBanner_Samples.framework; sourceTree = BUILT_PRODUCTS_DIR; };
		C30B497422407666002EA76E /* HKBanner.podspec.json */ = {isa = PBXFileReference; lastKnownFileType = text.json; name = HKBanner.podspec.json; path = ../HKBanner.podspec.json; sourceTree = "<group>"; };
		C30B49772240766F002EA76E /* ImageBannerVendor.swift */ = {isa = PBXFileReference; fileEncoding = 4; lastKnownFileType = sourcecode.swift; path = ImageBannerVendor.swift; sourceTree = "<group>"; };
		C30B49782240766F002EA76E /* ImageBannerPage.swift */ = {isa = PBXFileReference; fileEncoding = 4; lastKnownFileType = sourcecode.swift; path = ImageBannerPage.swift; sourceTree = "<group>"; };
		C30B49792240766F002EA76E /* PageVendor.swift */ = {isa = PBXFileReference; fileEncoding = 4; lastKnownFileType = sourcecode.swift; path = PageVendor.swift; sourceTree = "<group>"; };
		C30B497A2240766F002EA76E /* BannerOptions.swift */ = {isa = PBXFileReference; fileEncoding = 4; lastKnownFileType = sourcecode.swift; path = BannerOptions.swift; sourceTree = "<group>"; };
		C30B497B2240766F002EA76E /* ScrollingPageController.swift */ = {isa = PBXFileReference; fileEncoding = 4; lastKnownFileType = sourcecode.swift; path = ScrollingPageController.swift; sourceTree = "<group>"; };
		C30B497C2240766F002EA76E /* Banner.swift */ = {isa = PBXFileReference; fileEncoding = 4; lastKnownFileType = sourcecode.swift; path = Banner.swift; sourceTree = "<group>"; };
		C30B497D2240766F002EA76E /* DashPageIndicator.swift */ = {isa = PBXFileReference; fileEncoding = 4; lastKnownFileType = sourcecode.swift; path = DashPageIndicator.swift; sourceTree = "<group>"; };
		C37F4B87223A10BB00C86BBB /* HKBanner-Samples.app */ = {isa = PBXFileReference; explicitFileType = wrapper.application; includeInIndex = 0; path = "HKBanner-Samples.app"; sourceTree = BUILT_PRODUCTS_DIR; };
		C37F4B8A223A10BB00C86BBB /* AppDelegate.swift */ = {isa = PBXFileReference; lastKnownFileType = sourcecode.swift; path = AppDelegate.swift; sourceTree = "<group>"; };
		C37F4B8C223A10BB00C86BBB /* ViewController.swift */ = {isa = PBXFileReference; lastKnownFileType = sourcecode.swift; path = ViewController.swift; sourceTree = "<group>"; };
		C37F4B91223A10BC00C86BBB /* Assets.xcassets */ = {isa = PBXFileReference; lastKnownFileType = folder.assetcatalog; path = Assets.xcassets; sourceTree = "<group>"; };
		C37F4B96223A10BC00C86BBB /* Info.plist */ = {isa = PBXFileReference; lastKnownFileType = text.plist.xml; path = Info.plist; sourceTree = "<group>"; };
		C37F4B9D223A128E00C86BBB /* Configure.swift */ = {isa = PBXFileReference; lastKnownFileType = sourcecode.swift; path = Configure.swift; sourceTree = "<group>"; };
		C37F4BA5223A44B800C86BBB /* LaunchScreen.storyboard */ = {isa = PBXFileReference; fileEncoding = 4; lastKnownFileType = file.storyboard; path = LaunchScreen.storyboard; sourceTree = "<group>"; };
		C37F4BA6223A44B800C86BBB /* Main.storyboard */ = {isa = PBXFileReference; fileEncoding = 4; lastKnownFileType = file.storyboard; path = Main.storyboard; sourceTree = "<group>"; };
		C37F4BA9223A44DE00C86BBB /* Server.swift */ = {isa = PBXFileReference; fileEncoding = 4; lastKnownFileType = sourcecode.swift; path = Server.swift; sourceTree = "<group>"; };
		C37F4BAA223A44DE00C86BBB /* Response.swift */ = {isa = PBXFileReference; fileEncoding = 4; lastKnownFileType = sourcecode.swift; path = Response.swift; sourceTree = "<group>"; };
		C37F4BAB223A44DE00C86BBB /* ErrorCode.swift */ = {isa = PBXFileReference; fileEncoding = 4; lastKnownFileType = sourcecode.swift; path = ErrorCode.swift; sourceTree = "<group>"; };
		C37F4BAC223A44DE00C86BBB /* Page.swift */ = {isa = PBXFileReference; fileEncoding = 4; lastKnownFileType = sourcecode.swift; path = Page.swift; sourceTree = "<group>"; };
		C37F4BAD223A44DE00C86BBB /* TaskCenter.swift */ = {isa = PBXFileReference; fileEncoding = 4; lastKnownFileType = sourcecode.swift; path = TaskCenter.swift; sourceTree = "<group>"; };
		C37F4BAE223A44DE00C86BBB /* Task.swift */ = {isa = PBXFileReference; fileEncoding = 4; lastKnownFileType = sourcecode.swift; path = Task.swift; sourceTree = "<group>"; };
		C37F4BAF223A44DE00C86BBB /* TaskPrinter.swift */ = {isa = PBXFileReference; fileEncoding = 4; lastKnownFileType = sourcecode.swift; path = TaskPrinter.swift; sourceTree = "<group>"; };
		C37F4BB7223A45D400C86BBB /* R.generated.swift */ = {isa = PBXFileReference; fileEncoding = 4; lastKnownFileType = sourcecode.swift; path = R.generated.swift; sourceTree = "<group>"; };
		C37F4BBA223A499500C86BBB /* User.swift */ = {isa = PBXFileReference; lastKnownFileType = sourcecode.swift; path = User.swift; sourceTree = "<group>"; };
		C38FA9BF2240CC0A00254479 /* SystemPageController.swift */ = {isa = PBXFileReference; fileEncoding = 4; lastKnownFileType = sourcecode.swift; path = SystemPageController.swift; sourceTree = "<group>"; };
		CE4A95323F55D443D900FAAC /* Pods-HKBanner-Samples.debug.xcconfig */ = {isa = PBXFileReference; includeInIndex = 1; lastKnownFileType = text.xcconfig; name = "Pods-HKBanner-Samples.debug.xcconfig"; path = "Target Support Files/Pods-HKBanner-Samples/Pods-HKBanner-Samples.debug.xcconfig"; sourceTree = "<group>"; };
/* End PBXFileReference section */

/* Begin PBXFrameworksBuildPhase section */
		C37F4B84223A10BB00C86BBB /* Frameworks */ = {
			isa = PBXFrameworksBuildPhase;
			buildActionMask = 2147483647;
			files = (
				4EA2AEA9BAD5143C91E27CBC /* Pods_HKBanner_Samples.framework in Frameworks */,
			);
			runOnlyForDeploymentPostprocessing = 0;
		};
/* End PBXFrameworksBuildPhase section */

/* Begin PBXGroup section */
		982A01B54606C8932AC21BB2 /* Frameworks */ = {
			isa = PBXGroup;
			children = (
				ACC030DC0412192A05782686 /* Pods_HKBanner_Samples.framework */,
			);
			name = Frameworks;
			sourceTree = "<group>";
		};
		9DDE054165A617B6954A73C7 /* Pods */ = {
			isa = PBXGroup;
			children = (
				CE4A95323F55D443D900FAAC /* Pods-HKBanner-Samples.debug.xcconfig */,
				2D0A2EC0B5B5180BE96489F6 /* Pods-HKBanner-Samples.release.xcconfig */,
			);
			path = Pods;
			sourceTree = "<group>";
		};
		C30B49752240766F002EA76E /* Classes */ = {
			isa = PBXGroup;
			children = (
				C30B497C2240766F002EA76E /* Banner.swift */,
				C30B49792240766F002EA76E /* PageVendor.swift */,
				C30B497A2240766F002EA76E /* BannerOptions.swift */,
				C30B497B2240766F002EA76E /* ScrollingPageController.swift */,
				C38FA9BF2240CC0A00254479 /* SystemPageController.swift */,
				C30B497D2240766F002EA76E /* DashPageIndicator.swift */,
				C30B49762240766F002EA76E /* Image */,
			);
			name = Classes;
			path = ../Classes;
			sourceTree = "<group>";
		};
		C30B49762240766F002EA76E /* Image */ = {
			isa = PBXGroup;
			children = (
				C30B49772240766F002EA76E /* ImageBannerVendor.swift */,
				C30B49782240766F002EA76E /* ImageBannerPage.swift */,
			);
			path = Image;
			sourceTree = "<group>";
		};
		C37F4B7E223A10BB00C86BBB = {
			isa = PBXGroup;
			children = (
				C30B497422407666002EA76E /* HKBanner.podspec.json */,
				C30B49752240766F002EA76E /* Classes */,
				C37F4B9F223A12D700C86BBB /* Sources */,
				C37F4B88223A10BB00C86BBB /* Products */,
				9DDE054165A617B6954A73C7 /* Pods */,
				982A01B54606C8932AC21BB2 /* Frameworks */,
			);
			sourceTree = "<group>";
		};
		C37F4B88223A10BB00C86BBB /* Products */ = {
			isa = PBXGroup;
			children = (
				C37F4B87223A10BB00C86BBB /* HKBanner-Samples.app */,
			);
			name = Products;
			sourceTree = "<group>";
		};
		C37F4B9C223A120F00C86BBB /* Application Main */ = {
			isa = PBXGroup;
			children = (
				C37F4B96223A10BC00C86BBB /* Info.plist */,
				C37F4B9D223A128E00C86BBB /* Configure.swift */,
				C37F4B8A223A10BB00C86BBB /* AppDelegate.swift */,
				C37F4BB7223A45D400C86BBB /* R.generated.swift */,
			);
			path = "Application Main";
			sourceTree = "<group>";
		};
		C37F4B9F223A12D700C86BBB /* Sources */ = {
			isa = PBXGroup;
			children = (
				C37F4B9C223A120F00C86BBB /* Application Main */,
				C37F4BA0223A12E400C86BBB /* User Interface */,
				C37F4BA2223A12FE00C86BBB /* Models */,
				C37F4BA1223A12EE00C86BBB /* Networking */,
			);
			path = Sources;
			sourceTree = "<group>";
		};
		C37F4BA0223A12E400C86BBB /* User Interface */ = {
			isa = PBXGroup;
			children = (
				C37F4B91223A10BC00C86BBB /* Assets.xcassets */,
				C37F4BA5223A44B800C86BBB /* LaunchScreen.storyboard */,
				C37F4BA6223A44B800C86BBB /* Main.storyboard */,
				C37F4B8C223A10BB00C86BBB /* ViewController.swift */,
			);
			path = "User Interface";
			sourceTree = "<group>";
		};
		C37F4BA1223A12EE00C86BBB /* Networking */ = {
			isa = PBXGroup;
			children = (
				C37F4BAD223A44DE00C86BBB /* TaskCenter.swift */,
				C37F4BAE223A44DE00C86BBB /* Task.swift */,
				C37F4BAA223A44DE00C86BBB /* Response.swift */,
				C37F4BA9223A44DE00C86BBB /* Server.swift */,
				C37F4BAF223A44DE00C86BBB /* TaskPrinter.swift */,
				C37F4BAB223A44DE00C86BBB /* ErrorCode.swift */,
				C37F4BAC223A44DE00C86BBB /* Page.swift */,
			);
			path = Networking;
			sourceTree = "<group>";
		};
		C37F4BA2223A12FE00C86BBB /* Models */ = {
			isa = PBXGroup;
			children = (
				C37F4BBA223A499500C86BBB /* User.swift */,
			);
			path = Models;
			sourceTree = "<group>";
		};
/* End PBXGroup section */

/* Begin PBXNativeTarget section */
		C37F4B86223A10BB00C86BBB /* HKBanner-Samples */ = {
			isa = PBXNativeTarget;
			buildConfigurationList = C37F4B99223A10BC00C86BBB /* Build configuration list for PBXNativeTarget "HKBanner-Samples" */;
			buildPhases = (
				8B26DB27D36BD697C0A20A2B /* [CP] Check Pods Manifest.lock */,
				C37F4BB9223A460800C86BBB /* R.Swift Generation */,
				C37F4B83223A10BB00C86BBB /* Sources */,
				C37F4B84223A10BB00C86BBB /* Frameworks */,
				C37F4B85223A10BB00C86BBB /* Resources */,
				20BA18A3B61EA671F974C297 /* [CP] Embed Pods Frameworks */,
			);
			buildRules = (
			);
			dependencies = (
			);
			name = "HKBanner-Samples";
			productName = "HKBanner-Samples";
			productReference = C37F4B87223A10BB00C86BBB /* HKBanner-Samples.app */;
			productType = "com.apple.product-type.application";
		};
/* End PBXNativeTarget section */

/* Begin PBXProject section */
		C37F4B7F223A10BB00C86BBB /* Project object */ = {
			isa = PBXProject;
			attributes = {
				LastSwiftUpdateCheck = 1010;
				LastUpgradeCheck = 1010;
				ORGANIZATIONNAME = Harley.;
				TargetAttributes = {
					C37F4B86223A10BB00C86BBB = {
						CreatedOnToolsVersion = 10.1;
					};
				};
			};
			buildConfigurationList = C37F4B82223A10BB00C86BBB /* Build configuration list for PBXProject "HKBanner-Samples" */;
			compatibilityVersion = "Xcode 9.3";
			developmentRegion = en;
			hasScannedForEncodings = 0;
			knownRegions = (
				en,
				Base,
			);
			mainGroup = C37F4B7E223A10BB00C86BBB;
			productRefGroup = C37F4B88223A10BB00C86BBB /* Products */;
			projectDirPath = "";
			projectRoot = "";
			targets = (
				C37F4B86223A10BB00C86BBB /* HKBanner-Samples */,
			);
		};
/* End PBXProject section */

/* Begin PBXResourcesBuildPhase section */
		C37F4B85223A10BB00C86BBB /* Resources */ = {
			isa = PBXResourcesBuildPhase;
			buildActionMask = 2147483647;
			files = (
				C37F4BA8223A44B800C86BBB /* Main.storyboard in Resources */,
				C37F4B92223A10BC00C86BBB /* Assets.xcassets in Resources */,
				C37F4BA7223A44B800C86BBB /* LaunchScreen.storyboard in Resources */,
			);
			runOnlyForDeploymentPostprocessing = 0;
		};
/* End PBXResourcesBuildPhase section */

/* Begin PBXShellScriptBuildPhase section */
		20BA18A3B61EA671F974C297 /* [CP] Embed Pods Frameworks */ = {
			isa = PBXShellScriptBuildPhase;
			buildActionMask = 2147483647;
			files = (
			);
			inputFileListPaths = (
			);
			inputPaths = (
				"${PODS_ROOT}/Target Support Files/Pods-HKBanner-Samples/Pods-HKBanner-Samples-frameworks.sh",
				"${BUILT_PRODUCTS_DIR}/Alamofire/Alamofire.framework",
				"${BUILT_PRODUCTS_DIR}/Chrysan/Chrysan.framework",
				"${BUILT_PRODUCTS_DIR}/Comet/Comet.framework",
				"${BUILT_PRODUCTS_DIR}/HKBanner/HKBanner.framework",
				"${BUILT_PRODUCTS_DIR}/Kingfisher/Kingfisher.framework",
				"${BUILT_PRODUCTS_DIR}/R.swift.Library/Rswift.framework",
				"${BUILT_PRODUCTS_DIR}/SnapKit/SnapKit.framework",
			);
			name = "[CP] Embed Pods Frameworks";
			outputFileListPaths = (
			);
			outputPaths = (
				"${TARGET_BUILD_DIR}/${FRAMEWORKS_FOLDER_PATH}/Alamofire.framework",
				"${TARGET_BUILD_DIR}/${FRAMEWORKS_FOLDER_PATH}/Chrysan.framework",
				"${TARGET_BUILD_DIR}/${FRAMEWORKS_FOLDER_PATH}/Comet.framework",
				"${TARGET_BUILD_DIR}/${FRAMEWORKS_FOLDER_PATH}/HKBanner.framework",
				"${TARGET_BUILD_DIR}/${FRAMEWORKS_FOLDER_PATH}/Kingfisher.framework",
				"${TARGET_BUILD_DIR}/${FRAMEWORKS_FOLDER_PATH}/Rswift.framework",
				"${TARGET_BUILD_DIR}/${FRAMEWORKS_FOLDER_PATH}/SnapKit.framework",
			);
			runOnlyForDeploymentPostprocessing = 0;
			shellPath = /bin/sh;
			shellScript = "\"${PODS_ROOT}/Target Support Files/Pods-HKBanner-Samples/Pods-HKBanner-Samples-frameworks.sh\"\n";
			showEnvVarsInLog = 0;
		};
		8B26DB27D36BD697C0A20A2B /* [CP] Check Pods Manifest.lock */ = {
			isa = PBXShellScriptBuildPhase;
			buildActionMask = 2147483647;
			files = (
			);
			inputFileListPaths = (
			);
			inputPaths = (
				"${PODS_PODFILE_DIR_PATH}/Podfile.lock",
				"${PODS_ROOT}/Manifest.lock",
			);
			name = "[CP] Check Pods Manifest.lock";
			outputFileListPaths = (
			);
			outputPaths = (
				"$(DERIVED_FILE_DIR)/Pods-HKBanner-Samples-checkManifestLockResult.txt",
			);
			runOnlyForDeploymentPostprocessing = 0;
			shellPath = /bin/sh;
			shellScript = "diff \"${PODS_PODFILE_DIR_PATH}/Podfile.lock\" \"${PODS_ROOT}/Manifest.lock\" > /dev/null\nif [ $? != 0 ] ; then\n    # print error to STDERR\n    echo \"error: The sandbox is not in sync with the Podfile.lock. Run 'pod install' or update your CocoaPods installation.\" >&2\n    exit 1\nfi\n# This output is used by Xcode 'outputs' to avoid re-running this script phase.\necho \"SUCCESS\" > \"${SCRIPT_OUTPUT_FILE_0}\"\n";
			showEnvVarsInLog = 0;
		};
		C37F4BB9223A460800C86BBB /* R.Swift Generation */ = {
			isa = PBXShellScriptBuildPhase;
			buildActionMask = 2147483647;
			files = (
			);
			inputFileListPaths = (
			);
			inputPaths = (
				"$TEMP_DIR/rswift-lastrun",
			);
			name = "R.Swift Generation";
			outputFileListPaths = (
			);
			outputPaths = (
				"$SRCROOT/Sources/Application Main/R.generated.swift",
			);
			runOnlyForDeploymentPostprocessing = 0;
			shellPath = /bin/sh;
			shellScript = "# Type a script or drag a script file from your workspace to insert its path.\n\"$PODS_ROOT/R.swift/rswift\" generate \"$SRCROOT/Sources/Application Main/R.generated.swift\"\n";
		};
/* End PBXShellScriptBuildPhase section */

/* Begin PBXSourcesBuildPhase section */
		C37F4B83223A10BB00C86BBB /* Sources */ = {
			isa = PBXSourcesBuildPhase;
			buildActionMask = 2147483647;
			files = (
				C37F4B8D223A10BB00C86BBB /* ViewController.swift in Sources */,
				C37F4B8B223A10BB00C86BBB /* AppDelegate.swift in Sources */,
				C37F4BB0223A44DE00C86BBB /* Server.swift in Sources */,
				C37F4B9E223A128E00C86BBB /* Configure.swift in Sources */,
				C37F4BB3223A44DE00C86BBB /* Page.swift in Sources */,
				C37F4BB6223A44DE00C86BBB /* TaskPrinter.swift in Sources */,
				C37F4BB1223A44DE00C86BBB /* Response.swift in Sources */,
				C37F4BB2223A44DE00C86BBB /* ErrorCode.swift in Sources */,
				C37F4BBB223A499500C86BBB /* User.swift in Sources */,
				C37F4BB5223A44DE00C86BBB /* Task.swift in Sources */,
				C37F4BB8223A45D500C86BBB /* R.generated.swift in Sources */,
				C37F4BB4223A44DE00C86BBB /* TaskCenter.swift in Sources */,
			);
			runOnlyForDeploymentPostprocessing = 0;
		};
/* End PBXSourcesBuildPhase section */

/* Begin XCBuildConfiguration section */
		C37F4B97223A10BC00C86BBB /* Debug */ = {
			isa = XCBuildConfiguration;
			buildSettings = {
				ALWAYS_SEARCH_USER_PATHS = NO;
				CLANG_ANALYZER_NONNULL = YES;
				CLANG_ANALYZER_NUMBER_OBJECT_CONVERSION = YES_AGGRESSIVE;
				CLANG_CXX_LANGUAGE_STANDARD = "gnu++14";
				CLANG_CXX_LIBRARY = "libc++";
				CLANG_ENABLE_MODULES = YES;
				CLANG_ENABLE_OBJC_ARC = YES;
				CLANG_ENABLE_OBJC_WEAK = YES;
				CLANG_WARN_BLOCK_CAPTURE_AUTORELEASING = YES;
				CLANG_WARN_BOOL_CONVERSION = YES;
				CLANG_WARN_COMMA = YES;
				CLANG_WARN_CONSTANT_CONVERSION = YES;
				CLANG_WARN_DEPRECATED_OBJC_IMPLEMENTATIONS = YES;
				CLANG_WARN_DIRECT_OBJC_ISA_USAGE = YES_ERROR;
				CLANG_WARN_DOCUMENTATION_COMMENTS = YES;
				CLANG_WARN_EMPTY_BODY = YES;
				CLANG_WARN_ENUM_CONVERSION = YES;
				CLANG_WARN_INFINITE_RECURSION = YES;
				CLANG_WARN_INT_CONVERSION = YES;
				CLANG_WARN_NON_LITERAL_NULL_CONVERSION = YES;
				CLANG_WARN_OBJC_IMPLICIT_RETAIN_SELF = YES;
				CLANG_WARN_OBJC_LITERAL_CONVERSION = YES;
				CLANG_WARN_OBJC_ROOT_CLASS = YES_ERROR;
				CLANG_WARN_RANGE_LOOP_ANALYSIS = YES;
				CLANG_WARN_STRICT_PROTOTYPES = YES;
				CLANG_WARN_SUSPICIOUS_MOVE = YES;
				CLANG_WARN_UNGUARDED_AVAILABILITY = YES_AGGRESSIVE;
				CLANG_WARN_UNREACHABLE_CODE = YES;
				CLANG_WARN__DUPLICATE_METHOD_MATCH = YES;
				CODE_SIGN_IDENTITY = "iPhone Developer";
				COPY_PHASE_STRIP = NO;
				DEBUG_INFORMATION_FORMAT = dwarf;
				ENABLE_STRICT_OBJC_MSGSEND = YES;
				ENABLE_TESTABILITY = YES;
				GCC_C_LANGUAGE_STANDARD = gnu11;
				GCC_DYNAMIC_NO_PIC = NO;
				GCC_NO_COMMON_BLOCKS = YES;
				GCC_OPTIMIZATION_LEVEL = 0;
				GCC_PREPROCESSOR_DEFINITIONS = (
					"DEBUG=1",
					"$(inherited)",
				);
				GCC_WARN_64_TO_32_BIT_CONVERSION = YES;
				GCC_WARN_ABOUT_RETURN_TYPE = YES_ERROR;
				GCC_WARN_UNDECLARED_SELECTOR = YES;
				GCC_WARN_UNINITIALIZED_AUTOS = YES_AGGRESSIVE;
				GCC_WARN_UNUSED_FUNCTION = YES;
				GCC_WARN_UNUSED_VARIABLE = YES;
				IPHONEOS_DEPLOYMENT_TARGET = 12.1;
				MTL_ENABLE_DEBUG_INFO = INCLUDE_SOURCE;
				MTL_FAST_MATH = YES;
				ONLY_ACTIVE_ARCH = YES;
				SDKROOT = iphoneos;
				SWIFT_ACTIVE_COMPILATION_CONDITIONS = DEBUG;
				SWIFT_OPTIMIZATION_LEVEL = "-Onone";
			};
			name = Debug;
		};
		C37F4B98223A10BC00C86BBB /* Release */ = {
			isa = XCBuildConfiguration;
			buildSettings = {
				ALWAYS_SEARCH_USER_PATHS = NO;
				CLANG_ANALYZER_NONNULL = YES;
				CLANG_ANALYZER_NUMBER_OBJECT_CONVERSION = YES_AGGRESSIVE;
				CLANG_CXX_LANGUAGE_STANDARD = "gnu++14";
				CLANG_CXX_LIBRARY = "libc++";
				CLANG_ENABLE_MODULES = YES;
				CLANG_ENABLE_OBJC_ARC = YES;
				CLANG_ENABLE_OBJC_WEAK = YES;
				CLANG_WARN_BLOCK_CAPTURE_AUTORELEASING = YES;
				CLANG_WARN_BOOL_CONVERSION = YES;
				CLANG_WARN_COMMA = YES;
				CLANG_WARN_CONSTANT_CONVERSION = YES;
				CLANG_WARN_DEPRECATED_OBJC_IMPLEMENTATIONS = YES;
				CLANG_WARN_DIRECT_OBJC_ISA_USAGE = YES_ERROR;
				CLANG_WARN_DOCUMENTATION_COMMENTS = YES;
				CLANG_WARN_EMPTY_BODY = YES;
				CLANG_WARN_ENUM_CONVERSION = YES;
				CLANG_WARN_INFINITE_RECURSION = YES;
				CLANG_WARN_INT_CONVERSION = YES;
				CLANG_WARN_NON_LITERAL_NULL_CONVERSION = YES;
				CLANG_WARN_OBJC_IMPLICIT_RETAIN_SELF = YES;
				CLANG_WARN_OBJC_LITERAL_CONVERSION = YES;
				CLANG_WARN_OBJC_ROOT_CLASS = YES_ERROR;
				CLANG_WARN_RANGE_LOOP_ANALYSIS = YES;
				CLANG_WARN_STRICT_PROTOTYPES = YES;
				CLANG_WARN_SUSPICIOUS_MOVE = YES;
				CLANG_WARN_UNGUARDED_AVAILABILITY = YES_AGGRESSIVE;
				CLANG_WARN_UNREACHABLE_CODE = YES;
				CLANG_WARN__DUPLICATE_METHOD_MATCH = YES;
				CODE_SIGN_IDENTITY = "iPhone Developer";
				COPY_PHASE_STRIP = NO;
				DEBUG_INFORMATION_FORMAT = "dwarf-with-dsym";
				ENABLE_NS_ASSERTIONS = NO;
				ENABLE_STRICT_OBJC_MSGSEND = YES;
				GCC_C_LANGUAGE_STANDARD = gnu11;
				GCC_NO_COMMON_BLOCKS = YES;
				GCC_WARN_64_TO_32_BIT_CONVERSION = YES;
				GCC_WARN_ABOUT_RETURN_TYPE = YES_ERROR;
				GCC_WARN_UNDECLARED_SELECTOR = YES;
				GCC_WARN_UNINITIALIZED_AUTOS = YES_AGGRESSIVE;
				GCC_WARN_UNUSED_FUNCTION = YES;
				GCC_WARN_UNUSED_VARIABLE = YES;
				IPHONEOS_DEPLOYMENT_TARGET = 12.1;
				MTL_ENABLE_DEBUG_INFO = NO;
				MTL_FAST_MATH = YES;
				SDKROOT = iphoneos;
				SWIFT_COMPILATION_MODE = wholemodule;
				SWIFT_OPTIMIZATION_LEVEL = "-O";
				VALIDATE_PRODUCT = YES;
			};
			name = Release;
		};
		C37F4B9A223A10BC00C86BBB /* Debug */ = {
			isa = XCBuildConfiguration;
			baseConfigurationReference = CE4A95323F55D443D900FAAC /* Pods-HKBanner-Samples.debug.xcconfig */;
			buildSettings = {
				ASSETCATALOG_COMPILER_APPICON_NAME = AppIcon;
				CODE_SIGN_IDENTITY = "iPhone Developer";
				CODE_SIGN_STYLE = Automatic;
				DEVELOPMENT_TEAM = H28MQNK878;
				INFOPLIST_FILE = "$(SRCROOT)/Sources/Application Main/Info.plist";
				IPHONEOS_DEPLOYMENT_TARGET = 12.0;
				LD_RUNPATH_SEARCH_PATHS = (
					"$(inherited)",
					"@executable_path/Frameworks",
				);
				PRODUCT_BUNDLE_IDENTIFIER = "com.--organization-name--.--product-name--";
				PRODUCT_NAME = "$(TARGET_NAME)";
				PROVISIONING_PROFILE_SPECIFIER = "";
				SWIFT_VERSION = 4.2;
				TARGETED_DEVICE_FAMILY = "1,2";
			};
			name = Debug;
		};
		C37F4B9B223A10BC00C86BBB /* Release */ = {
			isa = XCBuildConfiguration;
			baseConfigurationReference = 2D0A2EC0B5B5180BE96489F6 /* Pods-HKBanner-Samples.release.xcconfig */;
			buildSettings = {
				ASSETCATALOG_COMPILER_APPICON_NAME = AppIcon;
				CODE_SIGN_IDENTITY = "iPhone Developer";
				CODE_SIGN_STYLE = Automatic;
				DEVELOPMENT_TEAM = H28MQNK878;
				INFOPLIST_FILE = "$(SRCROOT)/Sources/Application Main/Info.plist";
				IPHONEOS_DEPLOYMENT_TARGET = 12.0;
				LD_RUNPATH_SEARCH_PATHS = (
					"$(inherited)",
					"@executable_path/Frameworks",
				);
				PRODUCT_BUNDLE_IDENTIFIER = "com.--organization-name--.--product-name--";
				PRODUCT_NAME = "$(TARGET_NAME)";
				PROVISIONING_PROFILE_SPECIFIER = "";
				SWIFT_VERSION = 4.2;
				TARGETED_DEVICE_FAMILY = "1,2";
			};
			name = Release;
		};
/* End XCBuildConfiguration section */

/* Begin XCConfigurationList section */
		C37F4B82223A10BB00C86BBB /* Build configuration list for PBXProject "HKBanner-Samples" */ = {
			isa = XCConfigurationList;
			buildConfigurations = (
				C37F4B97223A10BC00C86BBB /* Debug */,
				C37F4B98223A10BC00C86BBB /* Release */,
			);
			defaultConfigurationIsVisible = 0;
			defaultConfigurationName = Release;
		};
		C37F4B99223A10BC00C86BBB /* Build configuration list for PBXNativeTarget "HKBanner-Samples" */ = {
			isa = XCConfigurationList;
			buildConfigurations = (
				C37F4B9A223A10BC00C86BBB /* Debug */,
				C37F4B9B223A10BC00C86BBB /* Release */,
			);
			defaultConfigurationIsVisible = 0;
			defaultConfigurationName = Release;
		};
/* End XCConfigurationList section */
	};
	rootObject = C37F4B7F223A10BB00C86BBB /* Project object */;
}
