PODS:
  - Alamofire (4.8.2)
  - Chrysan (1.5.0)
  - Comet (1.6.2)
  - HKBanner (1.1.0):
    - SnapKit
  - Kingfisher (5.5.0)
  - R.swift (5.0.3):
    - R.swift.Library (~> 5.0.0)
  - R.swift.Library (5.0.1)
  - SnapKit (5.0.0)

DEPENDENCIES:
  - Alamofire
  - Chrysan
  - Comet
  - HKBanner (from `../`)
  - Kingfisher
  - R.swift
  - SnapKit

SPEC REPOS:
  https://github.com/cocoapods/specs.git:
    - Alamofire
    - Chrysan
    - Comet
    - Kingfisher
    - R.swift
    - R.swift.Library
    - SnapKit

EXTERNAL SOURCES:
  HKBanner:
    :path: "../"

SPEC CHECKSUMS:
  Alamofire: ae5c501addb7afdbb13687d7f2f722c78734c2d3
  Chrysan: 6bf6682adb2db76f7f5c103930a8c6670f54eebe
  Comet: ec129472bd2b9683c13aefa939703cc3ef0efb14
  HKBanner: c52b5ceac7a20d137ab02749aa664e8af4a5e85d
  Kingfisher: 6fe5e67a90fd335e49b0f5c075ff55ac5ebedd94
  R.swift: f5a87643b91ea569d23d6afb3eee9c743edde239
  R.swift.Library: cfe85d569d9bae6cb262922db130e7c3a7a5fad1
  SnapKit: fd22d10eb9aff484d79a8724eab922c1ddf89bcf

PODFILE CHECKSUM: f175860829d8ab5cccbf470609b8a09d6b8eb98f

COCOAPODS: 1.6.1
